
Microsoft Visual Studio Solution File, Format Version 12.00
# Visual Studio Version 17
VisualStudioVersion = 17.7.34018.315
MinimumVisualStudioVersion = 10.0.40219.1
Project("{FAE04EC0-301F-11D3-BF4B-00C04F79EFBC}") = "Day11_PracticeProblems", "Day11_PracticeProblems\Day11_PracticeProblems.csproj", "{05FF9479-A1E6-41E5-86C1-4525CE9AFAEA}"
EndProject
Global
	GlobalSection(SolutionConfigurationPlatforms) = preSolution
		Debug|Any CPU = Debug|Any CPU
		Release|Any CPU = Release|Any CPU
	EndGlobalSection
	GlobalSection(ProjectConfigurationPlatforms) = postSolution
		{05FF9479-A1E6-41E5-86C1-4525CE9AFAEA}.Debug|Any CPU.ActiveCfg = Debug|Any CPU
		{05FF9479-A1E6-41E5-86C1-4525CE9AFAEA}.Debug|Any CPU.Build.0 = Debug|Any CPU
		{05FF9479-A1E6-41E5-86C1-4525CE9AFAEA}.Release|Any CPU.ActiveCfg = Release|Any CPU
		{05FF9479-A1E6-41E5-86C1-4525CE9AFAEA}.Release|Any CPU.Build.0 = Release|Any CPU
	EndGlobalSection
	GlobalSection(SolutionProperties) = preSolution
		HideSolutionNode = FALSE
	EndGlobalSection
	GlobalSection(ExtensibilityGlobals) = postSolution
		SolutionGuid = {7F64A254-1E55-402E-8D0A-5EA1EF19DC48}
	EndGlobalSection
EndGlobal
